
Microsoft Visual Studio Solution File, Format Version 12.00
# Visual Studio Version 16
VisualStudioVersion = 16.0.29728.190
MinimumVisualStudioVersion = 10.0.40219.1
Project("{FAE04EC0-301F-11D3-BF4B-00C04F79EFBC}") = "PieMenuSettings", "PieMenuSettings\PieMenuSettings.csproj", "{EA298EE9-048A-4EA0-B31F-4B1F32E1B2B1}"
EndProject
Global
	GlobalSection(SolutionConfigurationPlatforms) = preSolution
		Debug|Any CPU = Debug|Any CPU
		Release|Any CPU = Release|Any CPU
	EndGlobalSection
	GlobalSection(ProjectConfigurationPlatforms) = postSolution
		{EA298EE9-048A-4EA0-B31F-4B1F32E1B2B1}.Debug|Any CPU.ActiveCfg = Debug|Any CPU
		{EA298EE9-048A-4EA0-B31F-4B1F32E1B2B1}.Debug|Any CPU.Build.0 = Debug|Any CPU
		{EA298EE9-048A-4EA0-B31F-4B1F32E1B2B1}.Release|Any CPU.ActiveCfg = Release|Any CPU
		{EA298EE9-048A-4EA0-B31F-4B1F32E1B2B1}.Release|Any CPU.Build.0 = Release|Any CPU
	EndGlobalSection
	GlobalSection(SolutionProperties) = preSolution
		HideSolutionNode = FALSE
	EndGlobalSection
	GlobalSection(ExtensibilityGlobals) = postSolution
		SolutionGuid = {339B4D20-6198-4400-9976-2FDB70B2B593}
	EndGlobalSection
EndGlobal
