{
  "name": "autohotpie",
  "version": "3.0.0",
  "lockfileVersion": 2,
  "requires": true,
  "packages": {
    "": {
      "name": "autohotpie",
      "version": "3.0.0",
      "license": "MIT",
      "dependencies": {
        "dexie": "3.2.4"
      }
    },
    "node_modules/dexie": {
      "version": "3.2.4",
      "resolved": "https://registry.npmjs.org/dexie/-/dexie-3.2.4.tgz",
      "integrity": "sha512-VKoTQRSv7+RnffpOJ3Dh6ozknBqzWw/F3iqMdsZg958R0AS8AnY9x9d1lbwENr0gzeGJHXKcGhAMRaqys6SxqA==",
      "engines": {
        "node": ">=6.0"
      }
    }
  },
  "dependencies": {
    "dexie": {
      "version": "3.2.4",
      "resolved": "https://registry.npmjs.org/dexie/-/dexie-3.2.4.tgz",
      "integrity": "sha512-VKoTQRSv7+RnffpOJ3Dh6ozknBqzWw/F3iqMdsZg958R0AS8AnY9x9d1lbwENr0gzeGJHXKcGhAMRaqys6SxqA=="
    }
  }
}
